
Microsoft Visual Studio Solution File, Format Version 12.00
# Visual Studio 15
VisualStudioVersion = 15.0.26403.7
MinimumVisualStudioVersion = 10.0.40219.1
Project("{FAE04EC0-301F-11D3-BF4B-00C04F79EFBC}") = "vm_Clone", "vm_Clone\vm_Clone.csproj", "{33565961-5E35-4CE8-8577-864154EABB2C}"
EndProject
Project("{FAE04EC0-301F-11D3-BF4B-00C04F79EFBC}") = "VmosoApiClient", "..\..\..\..\..\..\developer\vbkw_copy\VmosoApiClient\VmosoApiClient.csproj", "{7ED0C680-1C3B-4DC0-9D78-0F77FD9A4C83}"
EndProject
Project("{FAE04EC0-301F-11D3-BF4B-00C04F79EFBC}") = "WampSharp", "..\..\..\..\..\..\developer\vbkw_copy\WampSharp\WampSharp.csproj", "{653A76DC-00D7-4EFF-A25E-2FA10C5C927D}"
EndProject
Project("{FAE04EC0-301F-11D3-BF4B-00C04F79EFBC}") = "WampSharp.Default", "..\..\..\..\..\..\developer\vbkw_copy\WampSharp.Default\WampSharp.Default.csproj", "{6AB75291-D296-457E-88A3-B41B16A1A247}"
EndProject
Project("{FAE04EC0-301F-11D3-BF4B-00C04F79EFBC}") = "HTMLEditorControl", "..\..\..\..\..\..\developer\vbkw_copy\HtmlEditorControl\HTMLEditorControl.csproj", "{5873DE0F-6853-4C8E-91A4-7A6861069A9A}"
EndProject
Project("{FAE04EC0-301F-11D3-BF4B-00C04F79EFBC}") = "HtmlRenderer.WinForms", "..\..\..\..\..\..\developer\vbkw_copy\HtmlRenderer.WinForms\HtmlRenderer.WinForms.csproj", "{1B058920-24B4-4140-8AE7-C8C6C38CA52D}"
EndProject
Project("{FAE04EC0-301F-11D3-BF4B-00C04F79EFBC}") = "HtmlRenderer", "..\..\..\..\..\..\developer\vbkw_copy\HtmlRenderer\HtmlRenderer.csproj", "{FE611685-391F-4E3E-B27E-D3150E51E49B}"
EndProject
Global
	GlobalSection(SolutionConfigurationPlatforms) = preSolution
		Debug|Any CPU = Debug|Any CPU
		Release|Any CPU = Release|Any CPU
	EndGlobalSection
	GlobalSection(ProjectConfigurationPlatforms) = postSolution
		{33565961-5E35-4CE8-8577-864154EABB2C}.Debug|Any CPU.ActiveCfg = Debug|Any CPU
		{33565961-5E35-4CE8-8577-864154EABB2C}.Debug|Any CPU.Build.0 = Debug|Any CPU
		{33565961-5E35-4CE8-8577-864154EABB2C}.Release|Any CPU.ActiveCfg = Release|Any CPU
		{33565961-5E35-4CE8-8577-864154EABB2C}.Release|Any CPU.Build.0 = Release|Any CPU
		{7ED0C680-1C3B-4DC0-9D78-0F77FD9A4C83}.Debug|Any CPU.ActiveCfg = Debug|Any CPU
		{7ED0C680-1C3B-4DC0-9D78-0F77FD9A4C83}.Debug|Any CPU.Build.0 = Debug|Any CPU
		{7ED0C680-1C3B-4DC0-9D78-0F77FD9A4C83}.Release|Any CPU.ActiveCfg = Release|Any CPU
		{7ED0C680-1C3B-4DC0-9D78-0F77FD9A4C83}.Release|Any CPU.Build.0 = Release|Any CPU
		{653A76DC-00D7-4EFF-A25E-2FA10C5C927D}.Debug|Any CPU.ActiveCfg = Debug|Any CPU
		{653A76DC-00D7-4EFF-A25E-2FA10C5C927D}.Debug|Any CPU.Build.0 = Debug|Any CPU
		{653A76DC-00D7-4EFF-A25E-2FA10C5C927D}.Release|Any CPU.ActiveCfg = Release|Any CPU
		{653A76DC-00D7-4EFF-A25E-2FA10C5C927D}.Release|Any CPU.Build.0 = Release|Any CPU
		{6AB75291-D296-457E-88A3-B41B16A1A247}.Debug|Any CPU.ActiveCfg = Debug|Any CPU
		{6AB75291-D296-457E-88A3-B41B16A1A247}.Debug|Any CPU.Build.0 = Debug|Any CPU
		{6AB75291-D296-457E-88A3-B41B16A1A247}.Release|Any CPU.ActiveCfg = Release|Any CPU
		{6AB75291-D296-457E-88A3-B41B16A1A247}.Release|Any CPU.Build.0 = Release|Any CPU
		{5873DE0F-6853-4C8E-91A4-7A6861069A9A}.Debug|Any CPU.ActiveCfg = Debug|Any CPU
		{5873DE0F-6853-4C8E-91A4-7A6861069A9A}.Debug|Any CPU.Build.0 = Debug|Any CPU
		{5873DE0F-6853-4C8E-91A4-7A6861069A9A}.Release|Any CPU.ActiveCfg = Release|Any CPU
		{5873DE0F-6853-4C8E-91A4-7A6861069A9A}.Release|Any CPU.Build.0 = Release|Any CPU
		{1B058920-24B4-4140-8AE7-C8C6C38CA52D}.Debug|Any CPU.ActiveCfg = Debug|Any CPU
		{1B058920-24B4-4140-8AE7-C8C6C38CA52D}.Debug|Any CPU.Build.0 = Debug|Any CPU
		{1B058920-24B4-4140-8AE7-C8C6C38CA52D}.Release|Any CPU.ActiveCfg = Release|Any CPU
		{1B058920-24B4-4140-8AE7-C8C6C38CA52D}.Release|Any CPU.Build.0 = Release|Any CPU
		{FE611685-391F-4E3E-B27E-D3150E51E49B}.Debug|Any CPU.ActiveCfg = Debug|Any CPU
		{FE611685-391F-4E3E-B27E-D3150E51E49B}.Debug|Any CPU.Build.0 = Debug|Any CPU
		{FE611685-391F-4E3E-B27E-D3150E51E49B}.Release|Any CPU.ActiveCfg = Release|Any CPU
		{FE611685-391F-4E3E-B27E-D3150E51E49B}.Release|Any CPU.Build.0 = Release|Any CPU
	EndGlobalSection
	GlobalSection(SolutionProperties) = preSolution
		HideSolutionNode = FALSE
	EndGlobalSection
EndGlobal
